
Microsoft Visual Studio Solution File, Format Version 12.00
# Visual Studio Version 17
VisualStudioVersion = 17.8.34309.116
MinimumVisualStudioVersion = 10.0.40219.1
Project("{FAE04EC0-301F-11D3-BF4B-00C04F79EFBC}") = "PetApp.API", "PetApp.API\PetApp.API.csproj", "{410ECA66-E593-4138-8275-4563C307A151}"
EndProject
Project("{FAE04EC0-301F-11D3-BF4B-00C04F79EFBC}") = "PetApp.Services", "PetApp.Services\PetApp.Services.csproj", "{9199334E-8147-4F96-A391-82A1A6FA3B86}"
EndProject
Project("{FAE04EC0-301F-11D3-BF4B-00C04F79EFBC}") = "PetApp.Utility", "PetApp.Utility\PetApp.Utility.csproj", "{122CA37A-DDCA-4990-850E-3EEE85BD8F72}"
EndProject
Global
	GlobalSection(SolutionConfigurationPlatforms) = preSolution
		Debug|Any CPU = Debug|Any CPU
		Release|Any CPU = Release|Any CPU
	EndGlobalSection
	GlobalSection(ProjectConfigurationPlatforms) = postSolution
		{410ECA66-E593-4138-8275-4563C307A151}.Debug|Any CPU.ActiveCfg = Debug|Any CPU
		{410ECA66-E593-4138-8275-4563C307A151}.Debug|Any CPU.Build.0 = Debug|Any CPU
		{410ECA66-E593-4138-8275-4563C307A151}.Release|Any CPU.ActiveCfg = Release|Any CPU
		{410ECA66-E593-4138-8275-4563C307A151}.Release|Any CPU.Build.0 = Release|Any CPU
		{9199334E-8147-4F96-A391-82A1A6FA3B86}.Debug|Any CPU.ActiveCfg = Debug|Any CPU
		{9199334E-8147-4F96-A391-82A1A6FA3B86}.Debug|Any CPU.Build.0 = Debug|Any CPU
		{9199334E-8147-4F96-A391-82A1A6FA3B86}.Release|Any CPU.ActiveCfg = Release|Any CPU
		{9199334E-8147-4F96-A391-82A1A6FA3B86}.Release|Any CPU.Build.0 = Release|Any CPU
		{122CA37A-DDCA-4990-850E-3EEE85BD8F72}.Debug|Any CPU.ActiveCfg = Debug|Any CPU
		{122CA37A-DDCA-4990-850E-3EEE85BD8F72}.Debug|Any CPU.Build.0 = Debug|Any CPU
		{122CA37A-DDCA-4990-850E-3EEE85BD8F72}.Release|Any CPU.ActiveCfg = Release|Any CPU
		{122CA37A-DDCA-4990-850E-3EEE85BD8F72}.Release|Any CPU.Build.0 = Release|Any CPU
	EndGlobalSection
	GlobalSection(SolutionProperties) = preSolution
		HideSolutionNode = FALSE
	EndGlobalSection
	GlobalSection(ExtensibilityGlobals) = postSolution
		SolutionGuid = {5BF8A904-D574-465E-A891-7B7B2B691CB6}
	EndGlobalSection
EndGlobal
